PODS:
  - EAIntroView (2.10.0):
    - EARestrictedScrollView (~> 1.1.0)
  - EARestrictedScrollView (1.1.0)
  - MBProgressHUD (1.2.0)

DEPENDENCIES:
  - EAIntroView
  - MBProgressHUD

SPEC REPOS:
  trunk:
    - EAIntroView
    - EARestrictedScrollView
    - MBProgressHUD

SPEC CHECKSUMS:
  EAIntroView: 3494b7bbd1212e3a4f7e8d16194a1b00e7b9abb2
  EARestrictedScrollView: b0c2a3f92fb2610bb44d71c5e4893777c89e45ef
  MBProgressHUD: 3ee5efcc380f6a79a7cc9b363dd669c5e1ae7406

PODFILE CHECKSUM: 47bc0cdf34b19de301aa030c98774412193fdd79

COCOAPODS: 1.10.0
