// !$*UTF8*$!
{
	archiveVersion = 1;
	classes = {
	};
	objectVersion = 46;
	objects = {

/* Begin PBXBuildFile section */
		0850EE042509CDF90017FBDA /* zh-Hans-1-4-MoreCountingType.png in Resources */ = {isa = PBXBuildFile; fileRef = 0850EDFF2509CDF80017FBDA /* zh-Hans-1-4-MoreCountingType.png */; };
		0850EE052509CDF90017FBDA /* zh-Hans-1-4-TodayWidget.png in Resources */ = {isa = PBXBuildFile; fileRef = 0850EE002509CDF80017FBDA /* zh-Hans-1-4-TodayWidget.png */; };
		0850EE062509CDF90017FBDA /* zh-Hans-1-4-ActionExtension.png in Resources */ = {isa = PBXBuildFile; fileRef = 0850EE012509CDF90017FBDA /* zh-Hans-1-4-ActionExtension.png */; };
		0850EE072509CDF90017FBDA /* zh-Hans-1-4-DarkMode.png in Resources */ = {isa = PBXBuildFile; fileRef = 0850EE022509CDF90017FBDA /* zh-Hans-1-4-DarkMode.png */; };
		0850EE082509CDF90017FBDA /* zh-Hans-1-4-About.png in Resources */ = {isa = PBXBuildFile; fileRef = 0850EE032509CDF90017FBDA /* zh-Hans-1-4-About.png */; };
		0850EE0E2509D52D0017FBDA /* zh-Hant-1-4-MoreCountingType.png in Resources */ = {isa = PBXBuildFile; fileRef = 0850EE092509D52D0017FBDA /* zh-Hant-1-4-MoreCountingType.png */; };
		0850EE0F2509D52D0017FBDA /* zh-Hant-1-4-TodayWidget.png in Resources */ = {isa = PBXBuildFile; fileRef = 0850EE0A2509D52D0017FBDA /* zh-Hant-1-4-TodayWidget.png */; };
		0850EE102509D52D0017FBDA /* zh-Hant-1-4-About.png in Resources */ = {isa = PBXBuildFile; fileRef = 0850EE0B2509D52D0017FBDA /* zh-Hant-1-4-About.png */; };
		0850EE112509D52D0017FBDA /* zh-Hant-1-4-DarkMode.png in Resources */ = {isa = PBXBuildFile; fileRef = 0850EE0C2509D52D0017FBDA /* zh-Hant-1-4-DarkMode.png */; };
		0850EE122509D52D0017FBDA /* zh-Hant-1-4-ActionExtension.png in Resources */ = {isa = PBXBuildFile; fileRef = 0850EE0D2509D52D0017FBDA /* zh-Hant-1-4-ActionExtension.png */; };
		08735C0325083EC500723147 /* Settings.bundle in Resources */ = {isa = PBXBuildFile; fileRef = 08735C0225083EC500723147 /* Settings.bundle */; };
		08735C082508920600723147 /* CustomInputAccessoryWithToolbarView.swift in Sources */ = {isa = PBXBuildFile; fileRef = 08735C072508920600723147 /* CustomInputAccessoryWithToolbarView.swift */; };
		08C4A8D4250761FC00F39221 /* en-1-4-About.png in Resources */ = {isa = PBXBuildFile; fileRef = 08C4A8D3250761FC00F39221 /* en-1-4-About.png */; };
		08C4A8DC25076A4400F39221 /* en-1-4-MoreCountingType.png in Resources */ = {isa = PBXBuildFile; fileRef = 08C4A8D825076A4400F39221 /* en-1-4-MoreCountingType.png */; };
		08C4A8DF25077FE300F39221 /* en-1-4-ActionExtension.png in Resources */ = {isa = PBXBuildFile; fileRef = 08C4A8DD25077FE300F39221 /* en-1-4-ActionExtension.png */; };
		08C4A8E025077FE300F39221 /* en-1-4-DarkMode.png in Resources */ = {isa = PBXBuildFile; fileRef = 08C4A8DE25077FE300F39221 /* en-1-4-DarkMode.png */; };
		08C4A8E22507801800F39221 /* en-1-4-TodayWidget.png in Resources */ = {isa = PBXBuildFile; fileRef = 08C4A8E12507801800F39221 /* en-1-4-TodayWidget.png */; };
		2A643963C40F2666FEE08FAC /* Pods_CounterActionExtension.framework in Frameworks */ = {isa = PBXBuildFile; fileRef = F4514572F0021F808136B684 /* Pods_CounterActionExtension.framework */; };
		300BAB681B49097100FE8B37 /* AppDelegate.swift in Sources */ = {isa = PBXBuildFile; fileRef = 300BAB671B49097100FE8B37 /* AppDelegate.swift */; };
		300BAB6B1B49097100FE8B37 /* WordCounter.xcdatamodeld in Sources */ = {isa = PBXBuildFile; fileRef = 300BAB691B49097100FE8B37 /* WordCounter.xcdatamodeld */; };
		300BAB6D1B49097100FE8B37 /* ViewController.swift in Sources */ = {isa = PBXBuildFile; fileRef = 300BAB6C1B49097100FE8B37 /* ViewController.swift */; };
		300BAB701B49097100FE8B37 /* Main.storyboard in Resources */ = {isa = PBXBuildFile; fileRef = 300BAB6E1B49097100FE8B37 /* Main.storyboard */; };
		300BAB721B49097100FE8B37 /* Images.xcassets in Resources */ = {isa = PBXBuildFile; fileRef = 300BAB711B49097100FE8B37 /* Images.xcassets */; };
		300BAB811B49097100FE8B37 /* WordCounterTests.swift in Sources */ = {isa = PBXBuildFile; fileRef = 300BAB801B49097100FE8B37 /* WordCounterTests.swift */; };
		3021E3791B54DCD900AEF136 /* Localizable.strings in Resources */ = {isa = PBXBuildFile; fileRef = 3021E37B1B54DCD900AEF136 /* Localizable.strings */; };
		3021E37F1B54DDA500AEF136 /* InfoPlist.strings in Resources */ = {isa = PBXBuildFile; fileRef = 3021E3811B54DDA500AEF136 /* InfoPlist.strings */; };
		3021E38E1B54E3C900AEF136 /* LaunchScreen.storyboard in Resources */ = {isa = PBXBuildFile; fileRef = 3021E38D1B54E3C900AEF136 /* LaunchScreen.storyboard */; };
		306CF5591B7588EC0085FC3B /* WordCounterTodayWidget.appex in Embed App Extensions */ = {isa = PBXBuildFile; fileRef = 30B7AC931B74698E00517036 /* WordCounterTodayWidget.appex */; settings = {ATTRIBUTES = (RemoveHeadersOnCopy, ); }; };
		309080611B4A0A7700C0AE5A /* InfoTabelViewController.swift in Sources */ = {isa = PBXBuildFile; fileRef = 309080601B4A0A7700C0AE5A /* InfoTabelViewController.swift */; };
		309496621B748F8E00360A77 /* MainInterface.storyboard in Resources */ = {isa = PBXBuildFile; fileRef = 309496641B748F8E00360A77 /* MainInterface.storyboard */; };
		309B41C31B7AE85B001C9E80 /* BasicConfig.swift in Sources */ = {isa = PBXBuildFile; fileRef = 309B41C21B7AE85B001C9E80 /* BasicConfig.swift */; };
		309B41C41B7AE85B001C9E80 /* BasicConfig.swift in Sources */ = {isa = PBXBuildFile; fileRef = 309B41C21B7AE85B001C9E80 /* BasicConfig.swift */; };
		30B7AC961B74698E00517036 /* NotificationCenter.framework in Frameworks */ = {isa = PBXBuildFile; fileRef = 30B7AC951B74698E00517036 /* NotificationCenter.framework */; };
		30B7AC9B1B74698F00517036 /* TodayViewController.swift in Sources */ = {isa = PBXBuildFile; fileRef = 30B7AC9A1B74698F00517036 /* TodayViewController.swift */; };
		30B7ACA71B746F6100517036 /* WordCounterClass.swift in Sources */ = {isa = PBXBuildFile; fileRef = 30B7ACA61B746F6100517036 /* WordCounterClass.swift */; };
		30B7ACA81B746F6100517036 /* WordCounterClass.swift in Sources */ = {isa = PBXBuildFile; fileRef = 30B7ACA61B746F6100517036 /* WordCounterClass.swift */; };
		30B7ACAB1B747BD400517036 /* Localizable.strings in Resources */ = {isa = PBXBuildFile; fileRef = 3021E37B1B54DCD900AEF136 /* Localizable.strings */; };
		30B7ACDF1B748B8700517036 /* InfoPlist.strings in Resources */ = {isa = PBXBuildFile; fileRef = 30B7ACE11B748B8700517036 /* InfoPlist.strings */; };
		BD443E996249C7C45A6A61D3 /* Pods_WordCounterTests.framework in Frameworks */ = {isa = PBXBuildFile; fileRef = CC3174DC92541C07F6BA6D03 /* Pods_WordCounterTests.framework */; };
		C614CA4FC410A704AD58AD1E /* Pods_WordCounter.framework in Frameworks */ = {isa = PBXBuildFile; fileRef = 3563DB053EC451EF549246AB /* Pods_WordCounter.framework */; };
		E15871E628061C13C93DBAF9 /* Pods_WordCounterTodayWidget.framework in Frameworks */ = {isa = PBXBuildFile; fileRef = 0CAA653F80C069550B622A1A /* Pods_WordCounterTodayWidget.framework */; };
		ED2A74CE1C2140A000CD28A3 /* WordCounterClass.swift in Sources */ = {isa = PBXBuildFile; fileRef = 30B7ACA61B746F6100517036 /* WordCounterClass.swift */; };
		ED2A74CF1C2140AA00CD28A3 /* BasicConfig.swift in Sources */ = {isa = PBXBuildFile; fileRef = 309B41C21B7AE85B001C9E80 /* BasicConfig.swift */; };
		ED2A74D11C21419B00CD28A3 /* Localizable.strings in Resources */ = {isa = PBXBuildFile; fileRef = 3021E37B1B54DCD900AEF136 /* Localizable.strings */; };
		ED2A74D21C2143DF00CD28A3 /* Images.xcassets in Resources */ = {isa = PBXBuildFile; fileRef = 300BAB711B49097100FE8B37 /* Images.xcassets */; };
		ED32358F1C20633C0007EF1A /* ActionViewController.swift in Sources */ = {isa = PBXBuildFile; fileRef = ED32358E1C20633C0007EF1A /* ActionViewController.swift */; };
		ED3235921C20633C0007EF1A /* MainInterface.storyboard in Resources */ = {isa = PBXBuildFile; fileRef = ED3235901C20633C0007EF1A /* MainInterface.storyboard */; };
		ED3235961C20633C0007EF1A /* CounterActionExtension.appex in Embed App Extensions */ = {isa = PBXBuildFile; fileRef = ED32358C1C20633C0007EF1A /* CounterActionExtension.appex */; settings = {ATTRIBUTES = (RemoveHeadersOnCopy, ); }; };
		ED3E40FC1C2133F3009CF68E /* InfoPlist.strings in Resources */ = {isa = PBXBuildFile; fileRef = ED3E40FE1C2133F3009CF68E /* InfoPlist.strings */; };
		EDF21D621C296FB400B6C20C /* ProgressHUD.swift in Sources */ = {isa = PBXBuildFile; fileRef = EDF21D611C296FB400B6C20C /* ProgressHUD.swift */; };
/* End PBXBuildFile section */

/* Begin PBXContainerItemProxy section */
		300BAB7B1B49097100FE8B37 /* PBXContainerItemProxy */ = {
			isa = PBXContainerItemProxy;
			containerPortal = 300BAB5A1B49097100FE8B37 /* Project object */;
			proxyType = 1;
			remoteGlobalIDString = 300BAB611B49097100FE8B37;
			remoteInfo = WordCounter;
		};
		306CF55A1B7588EC0085FC3B /* PBXContainerItemProxy */ = {
			isa = PBXContainerItemProxy;
			containerPortal = 300BAB5A1B49097100FE8B37 /* Project object */;
			proxyType = 1;
			remoteGlobalIDString = 30B7AC921B74698E00517036;
			remoteInfo = WordCounterTodayWidget;
		};
		ED3235941C20633C0007EF1A /* PBXContainerItemProxy */ = {
			isa = PBXContainerItemProxy;
			containerPortal = 300BAB5A1B49097100FE8B37 /* Project object */;
			proxyType = 1;
			remoteGlobalIDString = ED32358B1C20633C0007EF1A;
			remoteInfo = CounterActionExtension;
		};
/* End PBXContainerItemProxy section */

/* Begin PBXCopyFilesBuildPhase section */
		306CF55C1B7588ED0085FC3B /* Embed App Extensions */ = {
			isa = PBXCopyFilesBuildPhase;
			buildActionMask = 2147483647;
			dstPath = "";
			dstSubfolderSpec = 13;
			files = (
				306CF5591B7588EC0085FC3B /* WordCounterTodayWidget.appex in Embed App Extensions */,
				ED3235961C20633C0007EF1A /* CounterActionExtension.appex in Embed App Extensions */,
			);
			name = "Embed App Extensions";
			runOnlyForDeploymentPostprocessing = 0;
		};
/* End PBXCopyFilesBuildPhase section */

/* Begin PBXFileReference section */
		04816380468CE296F98C0BCC /* Pods-WordCounter.release.xcconfig */ = {isa = PBXFileReference; includeInIndex = 1; lastKnownFileType = text.xcconfig; name = "Pods-WordCounter.release.xcconfig"; path = "Pods/Target Support Files/Pods-WordCounter/Pods-WordCounter.release.xcconfig"; sourceTree = "<group>"; };
		0850EDFF2509CDF80017FBDA /* zh-Hans-1-4-MoreCountingType.png */ = {isa = PBXFileReference; lastKnownFileType = image.png; path = "zh-Hans-1-4-MoreCountingType.png"; sourceTree = "<group>"; };
		0850EE002509CDF80017FBDA /* zh-Hans-1-4-TodayWidget.png */ = {isa = PBXFileReference; lastKnownFileType = image.png; path = "zh-Hans-1-4-TodayWidget.png"; sourceTree = "<group>"; };
		0850EE012509CDF90017FBDA /* zh-Hans-1-4-ActionExtension.png */ = {isa = PBXFileReference; lastKnownFileType = image.png; path = "zh-Hans-1-4-ActionExtension.png"; sourceTree = "<group>"; };
		0850EE022509CDF90017FBDA /* zh-Hans-1-4-DarkMode.png */ = {isa = PBXFileReference; lastKnownFileType = image.png; path = "zh-Hans-1-4-DarkMode.png"; sourceTree = "<group>"; };
		0850EE032509CDF90017FBDA /* zh-Hans-1-4-About.png */ = {isa = PBXFileReference; lastKnownFileType = image.png; path = "zh-Hans-1-4-About.png"; sourceTree = "<group>"; };
		0850EE092509D52D0017FBDA /* zh-Hant-1-4-MoreCountingType.png */ = {isa = PBXFileReference; lastKnownFileType = image.png; path = "zh-Hant-1-4-MoreCountingType.png"; sourceTree = "<group>"; };
		0850EE0A2509D52D0017FBDA /* zh-Hant-1-4-TodayWidget.png */ = {isa = PBXFileReference; lastKnownFileType = image.png; path = "zh-Hant-1-4-TodayWidget.png"; sourceTree = "<group>"; };
		0850EE0B2509D52D0017FBDA /* zh-Hant-1-4-About.png */ = {isa = PBXFileReference; lastKnownFileType = image.png; path = "zh-Hant-1-4-About.png"; sourceTree = "<group>"; };
		0850EE0C2509D52D0017FBDA /* zh-Hant-1-4-DarkMode.png */ = {isa = PBXFileReference; lastKnownFileType = image.png; path = "zh-Hant-1-4-DarkMode.png"; sourceTree = "<group>"; };
		0850EE0D2509D52D0017FBDA /* zh-Hant-1-4-ActionExtension.png */ = {isa = PBXFileReference; lastKnownFileType = image.png; path = "zh-Hant-1-4-ActionExtension.png"; sourceTree = "<group>"; };
		08735C0225083EC500723147 /* Settings.bundle */ = {isa = PBXFileReference; lastKnownFileType = "wrapper.plug-in"; path = Settings.bundle; sourceTree = "<group>"; };
		08735C072508920600723147 /* CustomInputAccessoryWithToolbarView.swift */ = {isa = PBXFileReference; fileEncoding = 4; lastKnownFileType = sourcecode.swift; path = CustomInputAccessoryWithToolbarView.swift; sourceTree = "<group>"; };
		08C4A8D3250761FC00F39221 /* en-1-4-About.png */ = {isa = PBXFileReference; lastKnownFileType = image.png; path = "en-1-4-About.png"; sourceTree = "<group>"; };
		08C4A8D825076A4400F39221 /* en-1-4-MoreCountingType.png */ = {isa = PBXFileReference; lastKnownFileType = image.png; path = "en-1-4-MoreCountingType.png"; sourceTree = "<group>"; };
		08C4A8DD25077FE300F39221 /* en-1-4-ActionExtension.png */ = {isa = PBXFileReference; lastKnownFileType = image.png; path = "en-1-4-ActionExtension.png"; sourceTree = "<group>"; };
		08C4A8DE25077FE300F39221 /* en-1-4-DarkMode.png */ = {isa = PBXFileReference; lastKnownFileType = image.png; path = "en-1-4-DarkMode.png"; sourceTree = "<group>"; };
		08C4A8E12507801800F39221 /* en-1-4-TodayWidget.png */ = {isa = PBXFileReference; lastKnownFileType = image.png; path = "en-1-4-TodayWidget.png"; sourceTree = "<group>"; };
		0CAA653F80C069550B622A1A /* Pods_WordCounterTodayWidget.framework */ = {isa = PBXFileReference; explicitFileType = wrapper.framework; includeInIndex = 0; path = Pods_WordCounterTodayWidget.framework; sourceTree = BUILT_PRODUCTS_DIR; };
		2D5CEAA6F98CE78F7CC3E689 /* Pods-WordCounterTests.debug.xcconfig */ = {isa = PBXFileReference; includeInIndex = 1; lastKnownFileType = text.xcconfig; name = "Pods-WordCounterTests.debug.xcconfig"; path = "Pods/Target Support Files/Pods-WordCounterTests/Pods-WordCounterTests.debug.xcconfig"; sourceTree = "<group>"; };
		300BAB621B49097100FE8B37 /* WordCounter.app */ = {isa = PBXFileReference; explicitFileType = wrapper.application; includeInIndex = 0; path = WordCounter.app; sourceTree = BUILT_PRODUCTS_DIR; };
		300BAB661B49097100FE8B37 /* Info.plist */ = {isa = PBXFileReference; lastKnownFileType = text.plist.xml; path = Info.plist; sourceTree = "<group>"; };
		300BAB671B49097100FE8B37 /* AppDelegate.swift */ = {isa = PBXFileReference; lastKnownFileType = sourcecode.swift; path = AppDelegate.swift; sourceTree = "<group>"; };
		300BAB6A1B49097100FE8B37 /* WordCounter.xcdatamodel */ = {isa = PBXFileReference; lastKnownFileType = wrapper.xcdatamodel; path = WordCounter.xcdatamodel; sourceTree = "<group>"; };
		300BAB6C1B49097100FE8B37 /* ViewController.swift */ = {isa = PBXFileReference; lastKnownFileType = sourcecode.swift; path = ViewController.swift; sourceTree = "<group>"; };
		300BAB6F1B49097100FE8B37 /* Base */ = {isa = PBXFileReference; lastKnownFileType = file.storyboard; name = Base; path = Base.lproj/Main.storyboard; sourceTree = "<group>"; };
		300BAB711B49097100FE8B37 /* Images.xcassets */ = {isa = PBXFileReference; lastKnownFileType = folder.assetcatalog; path = Images.xcassets; sourceTree = "<group>"; };
		300BAB7A1B49097100FE8B37 /* WordCounterTests.xctest */ = {isa = PBXFileReference; explicitFileType = wrapper.cfbundle; includeInIndex = 0; path = WordCounterTests.xctest; sourceTree = BUILT_PRODUCTS_DIR; };
		300BAB7F1B49097100FE8B37 /* Info.plist */ = {isa = PBXFileReference; lastKnownFileType = text.plist.xml; path = Info.plist; sourceTree = "<group>"; };
		300BAB801B49097100FE8B37 /* WordCounterTests.swift */ = {isa = PBXFileReference; lastKnownFileType = sourcecode.swift; path = WordCounterTests.swift; sourceTree = "<group>"; };
		3021E37A1B54DCD900AEF136 /* en */ = {isa = PBXFileReference; lastKnownFileType = text.plist.strings; name = en; path = en.lproj/Localizable.strings; sourceTree = "<group>"; };
		3021E37C1B54DCDE00AEF136 /* zh-Hant */ = {isa = PBXFileReference; lastKnownFileType = text.plist.strings; name = "zh-Hant"; path = "zh-Hant.lproj/Localizable.strings"; sourceTree = "<group>"; };
		3021E3801B54DDA500AEF136 /* en */ = {isa = PBXFileReference; lastKnownFileType = text.plist.strings; name = en; path = en.lproj/InfoPlist.strings; sourceTree = "<group>"; };
		3021E3821B54DDA700AEF136 /* zh-Hant */ = {isa = PBXFileReference; lastKnownFileType = text.plist.strings; name = "zh-Hant"; path = "zh-Hant.lproj/InfoPlist.strings"; sourceTree = "<group>"; };
		3021E3841B54E2D100AEF136 /* zh-Hans */ = {isa = PBXFileReference; lastKnownFileType = text.plist.strings; name = "zh-Hans"; path = "zh-Hans.lproj/Localizable.strings"; sourceTree = "<group>"; };
		3021E3851B54E2D100AEF136 /* zh-Hans */ = {isa = PBXFileReference; lastKnownFileType = text.plist.strings; name = "zh-Hans"; path = "zh-Hans.lproj/InfoPlist.strings"; sourceTree = "<group>"; };
		3021E38D1B54E3C900AEF136 /* LaunchScreen.storyboard */ = {isa = PBXFileReference; fileEncoding = 4; lastKnownFileType = file.storyboard; path = LaunchScreen.storyboard; sourceTree = "<group>"; };
		305E388D1B7D822E00CCFD0B /* WordCounter-BridgingHeader.h */ = {isa = PBXFileReference; fileEncoding = 4; lastKnownFileType = sourcecode.c.h; path = "WordCounter-BridgingHeader.h"; sourceTree = "<group>"; };
		309080601B4A0A7700C0AE5A /* InfoTabelViewController.swift */ = {isa = PBXFileReference; fileEncoding = 4; lastKnownFileType = sourcecode.swift; path = InfoTabelViewController.swift; sourceTree = "<group>"; };
		309496631B748F8E00360A77 /* Base */ = {isa = PBXFileReference; lastKnownFileType = file.storyboard; name = Base; path = Base.lproj/MainInterface.storyboard; sourceTree = "<group>"; };
		309B41C21B7AE85B001C9E80 /* BasicConfig.swift */ = {isa = PBXFileReference; fileEncoding = 4; lastKnownFileType = sourcecode.swift; path = BasicConfig.swift; sourceTree = "<group>"; };
		30B7AC931B74698E00517036 /* WordCounterTodayWidget.appex */ = {isa = PBXFileReference; explicitFileType = "wrapper.app-extension"; includeInIndex = 0; path = WordCounterTodayWidget.appex; sourceTree = BUILT_PRODUCTS_DIR; };
		30B7AC951B74698E00517036 /* NotificationCenter.framework */ = {isa = PBXFileReference; lastKnownFileType = wrapper.framework; name = NotificationCenter.framework; path = System/Library/Frameworks/NotificationCenter.framework; sourceTree = SDKROOT; };
		30B7AC991B74698E00517036 /* Info.plist */ = {isa = PBXFileReference; lastKnownFileType = text.plist.xml; path = Info.plist; sourceTree = "<group>"; };
		30B7AC9A1B74698F00517036 /* TodayViewController.swift */ = {isa = PBXFileReference; lastKnownFileType = sourcecode.swift; path = TodayViewController.swift; sourceTree = "<group>"; };
		30B7ACA61B746F6100517036 /* WordCounterClass.swift */ = {isa = PBXFileReference; fileEncoding = 4; lastKnownFileType = sourcecode.swift; path = WordCounterClass.swift; sourceTree = "<group>"; };
		30B7ACA91B7471DE00517036 /* WordCounterTodayWidget.entitlements */ = {isa = PBXFileReference; lastKnownFileType = text.xml; path = WordCounterTodayWidget.entitlements; sourceTree = "<group>"; };
		30B7ACAA1B74721000517036 /* WordCounter.entitlements */ = {isa = PBXFileReference; lastKnownFileType = text.xml; path = WordCounter.entitlements; sourceTree = "<group>"; };
		30B7ACE01B748B8700517036 /* zh-Hant */ = {isa = PBXFileReference; lastKnownFileType = text.plist.strings; name = "zh-Hant"; path = "zh-Hant.lproj/InfoPlist.strings"; sourceTree = "<group>"; };
		30B7ACE31B748BBA00517036 /* en */ = {isa = PBXFileReference; lastKnownFileType = text.plist.strings; name = en; path = en.lproj/InfoPlist.strings; sourceTree = "<group>"; };
		30B7ACE41B748BBB00517036 /* zh-Hans */ = {isa = PBXFileReference; lastKnownFileType = text.plist.strings; name = "zh-Hans"; path = "zh-Hans.lproj/InfoPlist.strings"; sourceTree = "<group>"; };
		32081C78114F9E7B54DECE25 /* Pods-WordCounterTodayWidget.release.xcconfig */ = {isa = PBXFileReference; includeInIndex = 1; lastKnownFileType = text.xcconfig; name = "Pods-WordCounterTodayWidget.release.xcconfig"; path = "Pods/Target Support Files/Pods-WordCounterTodayWidget/Pods-WordCounterTodayWidget.release.xcconfig"; sourceTree = "<group>"; };
		3563DB053EC451EF549246AB /* Pods_WordCounter.framework */ = {isa = PBXFileReference; explicitFileType = wrapper.framework; includeInIndex = 0; path = Pods_WordCounter.framework; sourceTree = BUILT_PRODUCTS_DIR; };
		3FDBD7DC26279DA05346E23E /* Pods-WordCounterTodayWidget.debug.xcconfig */ = {isa = PBXFileReference; includeInIndex = 1; lastKnownFileType = text.xcconfig; name = "Pods-WordCounterTodayWidget.debug.xcconfig"; path = "Pods/Target Support Files/Pods-WordCounterTodayWidget/Pods-WordCounterTodayWidget.debug.xcconfig"; sourceTree = "<group>"; };
		5D570F50824021A22FD5F5EC /* Pods.framework */ = {isa = PBXFileReference; explicitFileType = wrapper.framework; includeInIndex = 0; path = Pods.framework; sourceTree = BUILT_PRODUCTS_DIR; };
		800D114D54413546096DA844 /* Pods-WordCounter.debug.xcconfig */ = {isa = PBXFileReference; includeInIndex = 1; lastKnownFileType = text.xcconfig; name = "Pods-WordCounter.debug.xcconfig"; path = "Pods/Target Support Files/Pods-WordCounter/Pods-WordCounter.debug.xcconfig"; sourceTree = "<group>"; };
		8FC539292C5EDF66C4C3B818 /* Pods-WordCounterTests.release.xcconfig */ = {isa = PBXFileReference; includeInIndex = 1; lastKnownFileType = text.xcconfig; name = "Pods-WordCounterTests.release.xcconfig"; path = "Pods/Target Support Files/Pods-WordCounterTests/Pods-WordCounterTests.release.xcconfig"; sourceTree = "<group>"; };
		B229EA5EE4307060384E5AE3 /* Pods-CounterActionExtension.release.xcconfig */ = {isa = PBXFileReference; includeInIndex = 1; lastKnownFileType = text.xcconfig; name = "Pods-CounterActionExtension.release.xcconfig"; path = "Pods/Target Support Files/Pods-CounterActionExtension/Pods-CounterActionExtension.release.xcconfig"; sourceTree = "<group>"; };
		CC3174DC92541C07F6BA6D03 /* Pods_WordCounterTests.framework */ = {isa = PBXFileReference; explicitFileType = wrapper.framework; includeInIndex = 0; path = Pods_WordCounterTests.framework; sourceTree = BUILT_PRODUCTS_DIR; };
		E7BE99A82937876CC390C8A2 /* Pods-CounterActionExtension.debug.xcconfig */ = {isa = PBXFileReference; includeInIndex = 1; lastKnownFileType = text.xcconfig; name = "Pods-CounterActionExtension.debug.xcconfig"; path = "Pods/Target Support Files/Pods-CounterActionExtension/Pods-CounterActionExtension.debug.xcconfig"; sourceTree = "<group>"; };
		ED32358C1C20633C0007EF1A /* CounterActionExtension.appex */ = {isa = PBXFileReference; explicitFileType = "wrapper.app-extension"; includeInIndex = 0; path = CounterActionExtension.appex; sourceTree = BUILT_PRODUCTS_DIR; };
		ED32358E1C20633C0007EF1A /* ActionViewController.swift */ = {isa = PBXFileReference; lastKnownFileType = sourcecode.swift; path = ActionViewController.swift; sourceTree = "<group>"; };
		ED3235911C20633C0007EF1A /* Base */ = {isa = PBXFileReference; lastKnownFileType = file.storyboard; name = Base; path = Base.lproj/MainInterface.storyboard; sourceTree = "<group>"; };
		ED3235931C20633C0007EF1A /* Info.plist */ = {isa = PBXFileReference; lastKnownFileType = text.plist.xml; path = Info.plist; sourceTree = "<group>"; };
		ED3E40FD1C2133F3009CF68E /* en */ = {isa = PBXFileReference; lastKnownFileType = text.plist.strings; name = en; path = en.lproj/InfoPlist.strings; sourceTree = "<group>"; };
		ED3E40FF1C2133F4009CF68E /* zh-Hant */ = {isa = PBXFileReference; lastKnownFileType = text.plist.strings; name = "zh-Hant"; path = "zh-Hant.lproj/InfoPlist.strings"; sourceTree = "<group>"; };
		ED3E41001C2133F6009CF68E /* zh-Hans */ = {isa = PBXFileReference; lastKnownFileType = text.plist.strings; name = "zh-Hans"; path = "zh-Hans.lproj/InfoPlist.strings"; sourceTree = "<group>"; };
		EDF21D611C296FB400B6C20C /* ProgressHUD.swift */ = {isa = PBXFileReference; fileEncoding = 4; lastKnownFileType = sourcecode.swift; path = ProgressHUD.swift; sourceTree = "<group>"; };
		F4514572F0021F808136B684 /* Pods_CounterActionExtension.framework */ = {isa = PBXFileReference; explicitFileType = wrapper.framework; includeInIndex = 0; path = Pods_CounterActionExtension.framework; sourceTree = BUILT_PRODUCTS_DIR; };
/* End PBXFileReference section */

/* Begin PBXFrameworksBuildPhase section */
		300BAB5F1B49097100FE8B37 /* Frameworks */ = {
			isa = PBXFrameworksBuildPhase;
			buildActionMask = 2147483647;
			files = (
				C614CA4FC410A704AD58AD1E /* Pods_WordCounter.framework in Frameworks */,
			);
			runOnlyForDeploymentPostprocessing = 0;
		};
		300BAB771B49097100FE8B37 /* Frameworks */ = {
			isa = PBXFrameworksBuildPhase;
			buildActionMask = 2147483647;
			files = (
				BD443E996249C7C45A6A61D3 /* Pods_WordCounterTests.framework in Frameworks */,
			);
			runOnlyForDeploymentPostprocessing = 0;
		};
		30B7AC901B74698E00517036 /* Frameworks */ = {
			isa = PBXFrameworksBuildPhase;
			buildActionMask = 2147483647;
			files = (
				30B7AC961B74698E00517036 /* NotificationCenter.framework in Frameworks */,
				E15871E628061C13C93DBAF9 /* Pods_WordCounterTodayWidget.framework in Frameworks */,
			);
			runOnlyForDeploymentPostprocessing = 0;
		};
		ED3235891C20633C0007EF1A /* Frameworks */ = {
			isa = PBXFrameworksBuildPhase;
			buildActionMask = 2147483647;
			files = (
				2A643963C40F2666FEE08FAC /* Pods_CounterActionExtension.framework in Frameworks */,
			);
			runOnlyForDeploymentPostprocessing = 0;
		};
/* End PBXFrameworksBuildPhase section */

/* Begin PBXGroup section */
		300BAB591B49097100FE8B37 = {
			isa = PBXGroup;
			children = (
				300BAB641B49097100FE8B37 /* WordCounter */,
				300BAB7D1B49097100FE8B37 /* WordCounterTests */,
				30B7AC971B74698E00517036 /* WordCounterTodayWidget */,
				ED32358D1C20633C0007EF1A /* CounterActionExtension */,
				30B7AC941B74698E00517036 /* Frameworks */,
				300BAB631B49097100FE8B37 /* Products */,
				75D640DF181FCC5F83CFEF30 /* Pods */,
			);
			sourceTree = "<group>";
		};
		300BAB631B49097100FE8B37 /* Products */ = {
			isa = PBXGroup;
			children = (
				300BAB621B49097100FE8B37 /* WordCounter.app */,
				300BAB7A1B49097100FE8B37 /* WordCounterTests.xctest */,
				30B7AC931B74698E00517036 /* WordCounterTodayWidget.appex */,
				ED32358C1C20633C0007EF1A /* CounterActionExtension.appex */,
			);
			name = Products;
			sourceTree = "<group>";
		};
		300BAB641B49097100FE8B37 /* WordCounter */ = {
			isa = PBXGroup;
			children = (
				300BAB671B49097100FE8B37 /* AppDelegate.swift */,
				309B41C21B7AE85B001C9E80 /* BasicConfig.swift */,
				300BAB6C1B49097100FE8B37 /* ViewController.swift */,
				08735C072508920600723147 /* CustomInputAccessoryWithToolbarView.swift */,
				309080601B4A0A7700C0AE5A /* InfoTabelViewController.swift */,
				30B7ACA61B746F6100517036 /* WordCounterClass.swift */,
				3021E37B1B54DCD900AEF136 /* Localizable.strings */,
				300BAB6E1B49097100FE8B37 /* Main.storyboard */,
				3021E38D1B54E3C900AEF136 /* LaunchScreen.storyboard */,
				300BAB711B49097100FE8B37 /* Images.xcassets */,
				08735C0225083EC500723147 /* Settings.bundle */,
				300BAB651B49097100FE8B37 /* Supporting Files */,
			);
			path = WordCounter;
			sourceTree = "<group>";
		};
		300BAB651B49097100FE8B37 /* Supporting Files */ = {
			isa = PBXGroup;
			children = (
				300BAB691B49097100FE8B37 /* WordCounter.xcdatamodeld */,
				30B7ACAA1B74721000517036 /* WordCounter.entitlements */,
				30438A9E1B759D060053FA8E /* Welcome Image */,
				300BAB661B49097100FE8B37 /* Info.plist */,
				3021E3811B54DDA500AEF136 /* InfoPlist.strings */,
				305E388D1B7D822E00CCFD0B /* WordCounter-BridgingHeader.h */,
			);
			name = "Supporting Files";
			sourceTree = "<group>";
		};
		300BAB7D1B49097100FE8B37 /* WordCounterTests */ = {
			isa = PBXGroup;
			children = (
				300BAB801B49097100FE8B37 /* WordCounterTests.swift */,
				300BAB7E1B49097100FE8B37 /* Supporting Files */,
			);
			path = WordCounterTests;
			sourceTree = "<group>";
		};
		300BAB7E1B49097100FE8B37 /* Supporting Files */ = {
			isa = PBXGroup;
			children = (
				300BAB7F1B49097100FE8B37 /* Info.plist */,
			);
			name = "Supporting Files";
			sourceTree = "<group>";
		};
		30438A9E1B759D060053FA8E /* Welcome Image */ = {
			isa = PBXGroup;
			children = (
				08C4A8DD25077FE300F39221 /* en-1-4-ActionExtension.png */,
				08C4A8DE25077FE300F39221 /* en-1-4-DarkMode.png */,
				08C4A8E12507801800F39221 /* en-1-4-TodayWidget.png */,
				08C4A8D825076A4400F39221 /* en-1-4-MoreCountingType.png */,
				08C4A8D3250761FC00F39221 /* en-1-4-About.png */,
				0850EE032509CDF90017FBDA /* zh-Hans-1-4-About.png */,
				0850EE012509CDF90017FBDA /* zh-Hans-1-4-ActionExtension.png */,
				0850EE022509CDF90017FBDA /* zh-Hans-1-4-DarkMode.png */,
				0850EDFF2509CDF80017FBDA /* zh-Hans-1-4-MoreCountingType.png */,
				0850EE002509CDF80017FBDA /* zh-Hans-1-4-TodayWidget.png */,
				0850EE0B2509D52D0017FBDA /* zh-Hant-1-4-About.png */,
				0850EE0D2509D52D0017FBDA /* zh-Hant-1-4-ActionExtension.png */,
				0850EE0C2509D52D0017FBDA /* zh-Hant-1-4-DarkMode.png */,
				0850EE092509D52D0017FBDA /* zh-Hant-1-4-MoreCountingType.png */,
				0850EE0A2509D52D0017FBDA /* zh-Hant-1-4-TodayWidget.png */,
			);
			name = "Welcome Image";
			sourceTree = "<group>";
		};
		30B7AC941B74698E00517036 /* Frameworks */ = {
			isa = PBXGroup;
			children = (
				30B7AC951B74698E00517036 /* NotificationCenter.framework */,
				5D570F50824021A22FD5F5EC /* Pods.framework */,
				F4514572F0021F808136B684 /* Pods_CounterActionExtension.framework */,
				3563DB053EC451EF549246AB /* Pods_WordCounter.framework */,
				CC3174DC92541C07F6BA6D03 /* Pods_WordCounterTests.framework */,
				0CAA653F80C069550B622A1A /* Pods_WordCounterTodayWidget.framework */,
			);
			name = Frameworks;
			sourceTree = "<group>";
		};
		30B7AC971B74698E00517036 /* WordCounterTodayWidget */ = {
			isa = PBXGroup;
			children = (
				30B7ACA91B7471DE00517036 /* WordCounterTodayWidget.entitlements */,
				309496641B748F8E00360A77 /* MainInterface.storyboard */,
				30B7AC9A1B74698F00517036 /* TodayViewController.swift */,
				30B7AC981B74698E00517036 /* Supporting Files */,
			);
			path = WordCounterTodayWidget;
			sourceTree = "<group>";
		};
		30B7AC981B74698E00517036 /* Supporting Files */ = {
			isa = PBXGroup;
			children = (
				30B7AC991B74698E00517036 /* Info.plist */,
				30B7ACE11B748B8700517036 /* InfoPlist.strings */,
			);
			name = "Supporting Files";
			sourceTree = "<group>";
		};
		75D640DF181FCC5F83CFEF30 /* Pods */ = {
			isa = PBXGroup;
			children = (
				E7BE99A82937876CC390C8A2 /* Pods-CounterActionExtension.debug.xcconfig */,
				B229EA5EE4307060384E5AE3 /* Pods-CounterActionExtension.release.xcconfig */,
				800D114D54413546096DA844 /* Pods-WordCounter.debug.xcconfig */,
				04816380468CE296F98C0BCC /* Pods-WordCounter.release.xcconfig */,
				2D5CEAA6F98CE78F7CC3E689 /* Pods-WordCounterTests.debug.xcconfig */,
				8FC539292C5EDF66C4C3B818 /* Pods-WordCounterTests.release.xcconfig */,
				3FDBD7DC26279DA05346E23E /* Pods-WordCounterTodayWidget.debug.xcconfig */,
				32081C78114F9E7B54DECE25 /* Pods-WordCounterTodayWidget.release.xcconfig */,
			);
			name = Pods;
			sourceTree = "<group>";
		};
		ED2A74D01C21414C00CD28A3 /* Supporting Files */ = {
			isa = PBXGroup;
			children = (
				ED3235931C20633C0007EF1A /* Info.plist */,
				ED3E40FE1C2133F3009CF68E /* InfoPlist.strings */,
			);
			name = "Supporting Files";
			sourceTree = "<group>";
		};
		ED32358D1C20633C0007EF1A /* CounterActionExtension */ = {
			isa = PBXGroup;
			children = (
				ED3235901C20633C0007EF1A /* MainInterface.storyboard */,
				ED32358E1C20633C0007EF1A /* ActionViewController.swift */,
				EDF21D611C296FB400B6C20C /* ProgressHUD.swift */,
				ED2A74D01C21414C00CD28A3 /* Supporting Files */,
			);
			path = CounterActionExtension;
			sourceTree = "<group>";
		};
/* End PBXGroup section */

/* Begin PBXNativeTarget section */
		300BAB611B49097100FE8B37 /* WordCounter */ = {
			isa = PBXNativeTarget;
			buildConfigurationList = 300BAB841B49097100FE8B37 /* Build configuration list for PBXNativeTarget "WordCounter" */;
			buildPhases = (
				9B2985E80743D93A6E50CE9F /* [CP] Check Pods Manifest.lock */,
				300BAB5E1B49097100FE8B37 /* Sources */,
				300BAB5F1B49097100FE8B37 /* Frameworks */,
				300BAB601B49097100FE8B37 /* Resources */,
				3090805F1B4A0A3800C0AE5A /* Update Build Numbers */,
				08735C042508558200723147 /* Update Setting Bundles Version */,
				306CF55C1B7588ED0085FC3B /* Embed App Extensions */,
				238E22725F9DDDDE60324D38 /* [CP] Embed Pods Frameworks */,
			);
			buildRules = (
			);
			dependencies = (
				306CF55B1B7588EC0085FC3B /* PBXTargetDependency */,
				ED3235951C20633C0007EF1A /* PBXTargetDependency */,
			);
			name = WordCounter;
			productName = WordCounter;
			productReference = 300BAB621B49097100FE8B37 /* WordCounter.app */;
			productType = "com.apple.product-type.application";
		};
		300BAB791B49097100FE8B37 /* WordCounterTests */ = {
			isa = PBXNativeTarget;
			buildConfigurationList = 300BAB871B49097100FE8B37 /* Build configuration list for PBXNativeTarget "WordCounterTests" */;
			buildPhases = (
				CFA68B84D77C2BAE3D053778 /* [CP] Check Pods Manifest.lock */,
				300BAB761B49097100FE8B37 /* Sources */,
				300BAB771B49097100FE8B37 /* Frameworks */,
				300BAB781B49097100FE8B37 /* Resources */,
			);
			buildRules = (
			);
			dependencies = (
				300BAB7C1B49097100FE8B37 /* PBXTargetDependency */,
			);
			name = WordCounterTests;
			productName = WordCounterTests;
			productReference = 300BAB7A1B49097100FE8B37 /* WordCounterTests.xctest */;
			productType = "com.apple.product-type.bundle.unit-test";
		};
		30B7AC921B74698E00517036 /* WordCounterTodayWidget */ = {
			isa = PBXNativeTarget;
			buildConfigurationList = 30B7ACA31B74698F00517036 /* Build configuration list for PBXNativeTarget "WordCounterTodayWidget" */;
			buildPhases = (
				9B3D8290728E255ECCD50308 /* [CP] Check Pods Manifest.lock */,
				30B7AC8F1B74698E00517036 /* Sources */,
				30B7AC901B74698E00517036 /* Frameworks */,
				30B7AC911B74698E00517036 /* Resources */,
			);
			buildRules = (
			);
			dependencies = (
			);
			name = WordCounterTodayWidget;
			productName = WordCounterTodayWidget;
			productReference = 30B7AC931B74698E00517036 /* WordCounterTodayWidget.appex */;
			productType = "com.apple.product-type.app-extension";
		};
		ED32358B1C20633C0007EF1A /* CounterActionExtension */ = {
			isa = PBXNativeTarget;
			buildConfigurationList = ED3235991C20633C0007EF1A /* Build configuration list for PBXNativeTarget "CounterActionExtension" */;
			buildPhases = (
				65DA3AD4E55B12C66DD8F14C /* [CP] Check Pods Manifest.lock */,
				ED3235881C20633C0007EF1A /* Sources */,
				ED3235891C20633C0007EF1A /* Frameworks */,
				ED32358A1C20633C0007EF1A /* Resources */,
			);
			buildRules = (
			);
			dependencies = (
			);
			name = CounterActionExtension;
			productName = CounterActionExtension;
			productReference = ED32358C1C20633C0007EF1A /* CounterActionExtension.appex */;
			productType = "com.apple.product-type.app-extension";
		};
/* End PBXNativeTarget section */

/* Begin PBXProject section */
		300BAB5A1B49097100FE8B37 /* Project object */ = {
			isa = PBXProject;
			attributes = {
				LastSwiftMigration = 0700;
				LastSwiftUpdateCheck = 0720;
				LastUpgradeCheck = 1170;
				ORGANIZATIONNAME = Arefly;
				TargetAttributes = {
					300BAB611B49097100FE8B37 = {
						CreatedOnToolsVersion = 6.4;
						DevelopmentTeam = 77T9PEZRU7;
						LastSwiftMigration = 1220;
						SystemCapabilities = {
							com.apple.ApplicationGroups.iOS = {
								enabled = 1;
							};
						};
					};
					300BAB791B49097100FE8B37 = {
						CreatedOnToolsVersion = 6.4;
						LastSwiftMigration = 0900;
						TestTargetID = 300BAB611B49097100FE8B37;
					};
					30B7AC921B74698E00517036 = {
						CreatedOnToolsVersion = 6.4;
						DevelopmentTeam = 77T9PEZRU7;
						LastSwiftMigration = 1220;
						SystemCapabilities = {
							com.apple.ApplicationGroups.iOS = {
								enabled = 1;
							};
						};
					};
					ED32358B1C20633C0007EF1A = {
						CreatedOnToolsVersion = 7.2;
						DevelopmentTeam = 77T9PEZRU7;
						LastSwiftMigration = 1220;
					};
				};
			};
			buildConfigurationList = 300BAB5D1B49097100FE8B37 /* Build configuration list for PBXProject "WordCounter" */;
			compatibilityVersion = "Xcode 3.2";
			developmentRegion = en;
			hasScannedForEncodings = 0;
			knownRegions = (
				en,
				Base,
				"zh-Hant",
				"zh-Hans",
			);
			mainGroup = 300BAB591B49097100FE8B37;
			productRefGroup = 300BAB631B49097100FE8B37 /* Products */;
			projectDirPath = "";
			projectRoot = "";
			targets = (
				300BAB611B49097100FE8B37 /* WordCounter */,
				300BAB791B49097100FE8B37 /* WordCounterTests */,
				30B7AC921B74698E00517036 /* WordCounterTodayWidget */,
				ED32358B1C20633C0007EF1A /* CounterActionExtension */,
			);
		};
/* End PBXProject section */

/* Begin PBXResourcesBuildPhase section */
		300BAB601B49097100FE8B37 /* Resources */ = {
			isa = PBXResourcesBuildPhase;
			buildActionMask = 2147483647;
			files = (
				0850EE0E2509D52D0017FBDA /* zh-Hant-1-4-MoreCountingType.png in Resources */,
				0850EE0F2509D52D0017FBDA /* zh-Hant-1-4-TodayWidget.png in Resources */,
				08C4A8E025077FE300F39221 /* en-1-4-DarkMode.png in Resources */,
				0850EE072509CDF90017FBDA /* zh-Hans-1-4-DarkMode.png in Resources */,
				0850EE112509D52D0017FBDA /* zh-Hant-1-4-DarkMode.png in Resources */,
				300BAB701B49097100FE8B37 /* Main.storyboard in Resources */,
				08C4A8E22507801800F39221 /* en-1-4-TodayWidget.png in Resources */,
				0850EE122509D52D0017FBDA /* zh-Hant-1-4-ActionExtension.png in Resources */,
				08C4A8D4250761FC00F39221 /* en-1-4-About.png in Resources */,
				0850EE052509CDF90017FBDA /* zh-Hans-1-4-TodayWidget.png in Resources */,
				3021E3791B54DCD900AEF136 /* Localizable.strings in Resources */,
				0850EE062509CDF90017FBDA /* zh-Hans-1-4-ActionExtension.png in Resources */,
				0850EE102509D52D0017FBDA /* zh-Hant-1-4-About.png in Resources */,
				0850EE082509CDF90017FBDA /* zh-Hans-1-4-About.png in Resources */,
				300BAB721B49097100FE8B37 /* Images.xcassets in Resources */,
				3021E38E1B54E3C900AEF136 /* LaunchScreen.storyboard in Resources */,
				08C4A8DF25077FE300F39221 /* en-1-4-ActionExtension.png in Resources */,
				0850EE042509CDF90017FBDA /* zh-Hans-1-4-MoreCountingType.png in Resources */,
				08C4A8DC25076A4400F39221 /* en-1-4-MoreCountingType.png in Resources */,
				08735C0325083EC500723147 /* Settings.bundle in Resources */,
				3021E37F1B54DDA500AEF136 /* InfoPlist.strings in Resources */,
			);
			runOnlyForDeploymentPostprocessing = 0;
		};
		300BAB781B49097100FE8B37 /* Resources */ = {
			isa = PBXResourcesBuildPhase;
			buildActionMask = 2147483647;
			files = (
			);
			runOnlyForDeploymentPostprocessing = 0;
		};
		30B7AC911B74698E00517036 /* Resources */ = {
			isa = PBXResourcesBuildPhase;
			buildActionMask = 2147483647;
			files = (
				30B7ACDF1B748B8700517036 /* InfoPlist.strings in Resources */,
				309496621B748F8E00360A77 /* MainInterface.storyboard in Resources */,
				30B7ACAB1B747BD400517036 /* Localizable.strings in Resources */,
			);
			runOnlyForDeploymentPostprocessing = 0;
		};
		ED32358A1C20633C0007EF1A /* Resources */ = {
			isa = PBXResourcesBuildPhase;
			buildActionMask = 2147483647;
			files = (
				ED3235921C20633C0007EF1A /* MainInterface.storyboard in Resources */,
				ED2A74D21C2143DF00CD28A3 /* Images.xcassets in Resources */,
				ED2A74D11C21419B00CD28A3 /* Localizable.strings in Resources */,
				ED3E40FC1C2133F3009CF68E /* InfoPlist.strings in Resources */,
			);
			runOnlyForDeploymentPostprocessing = 0;
		};
/* End PBXResourcesBuildPhase section */

/* Begin PBXShellScriptBuildPhase section */
		08735C042508558200723147 /* Update Setting Bundles Version */ = {
			isa = PBXShellScriptBuildPhase;
			buildActionMask = 2147483647;
			files = (
			);
			inputFileListPaths = (
			);
			inputPaths = (
			);
			name = "Update Setting Bundles Version";
			outputFileListPaths = (
			);
			outputPaths = (
			);
			runOnlyForDeploymentPostprocessing = 0;
			shellPath = /bin/sh;
			shellScript = "# https://stackoverflow.com/a/39030153/2603230\n# https://stackoverflow.com/a/61921595/2603230\nversion=\"$MARKETING_VERSION\"\nbuild=\"$CURRENT_PROJECT_VERSION\"\n/usr/libexec/PlistBuddy -c \"Set PreferenceSpecifiers:0:DefaultValue $version ($build)\" \"$CODESIGNING_FOLDER_PATH/Settings.bundle/Root.plist\"\n";
		};
		238E22725F9DDDDE60324D38 /* [CP] Embed Pods Frameworks */ = {
			isa = PBXShellScriptBuildPhase;
			buildActionMask = 2147483647;
			files = (
			);
			inputPaths = (
				"${PODS_ROOT}/Target Support Files/Pods-WordCounter/Pods-WordCounter-frameworks.sh",
				"${BUILT_PRODUCTS_DIR}/EAIntroView/EAIntroView.framework",
				"${BUILT_PRODUCTS_DIR}/EARestrictedScrollView/EARestrictedScrollView.framework",
				"${BUILT_PRODUCTS_DIR}/MBProgressHUD/MBProgressHUD.framework",
			);
			name = "[CP] Embed Pods Frameworks";
			outputPaths = (
				"${TARGET_BUILD_DIR}/${FRAMEWORKS_FOLDER_PATH}/EAIntroView.framework",
				"${TARGET_BUILD_DIR}/${FRAMEWORKS_FOLDER_PATH}/EARestrictedScrollView.framework",
				"${TARGET_BUILD_DIR}/${FRAMEWORKS_FOLDER_PATH}/MBProgressHUD.framework",
			);
			runOnlyForDeploymentPostprocessing = 0;
			shellPath = /bin/sh;
			shellScript = "\"${PODS_ROOT}/Target Support Files/Pods-WordCounter/Pods-WordCounter-frameworks.sh\"\n";
			showEnvVarsInLog = 0;
		};
		3090805F1B4A0A3800C0AE5A /* Update Build Numbers */ = {
			isa = PBXShellScriptBuildPhase;
			buildActionMask = 2147483647;
			files = (
			);
			inputPaths = (
			);
			name = "Update Build Numbers";
			outputPaths = (
			);
			runOnlyForDeploymentPostprocessing = 0;
			shellPath = /bin/sh;
			shellScript = "#version=`/usr/libexec/PlistBuddy -c \"Print CFBundleVersion\" $PRODUCT_SETTINGS_PATH`\n#version=`expr $version + 1`\n#/usr/libexec/PlistBuddy -c \"Set :CFBundleVersion $version\" $PRODUCT_SETTINGS_PATH\n#/usr/libexec/PlistBuddy -c \"Set :CFBundleVersion $version\" \"WordCounterTodayWidget/Info.plist\"\n#/usr/libexec/PlistBuddy -c \"Set :CFBundleVersion $version\" \"CounterActionExtension/Info.plist\"\n";
		};
		65DA3AD4E55B12C66DD8F14C /* [CP] Check Pods Manifest.lock */ = {
			isa = PBXShellScriptBuildPhase;
			buildActionMask = 2147483647;
			files = (
			);
			inputPaths = (
				"${PODS_PODFILE_DIR_PATH}/Podfile.lock",
				"${PODS_ROOT}/Manifest.lock",
			);
			name = "[CP] Check Pods Manifest.lock";
			outputPaths = (
				"$(DERIVED_FILE_DIR)/Pods-CounterActionExtension-checkManifestLockResult.txt",
			);
			runOnlyForDeploymentPostprocessing = 0;
			shellPath = /bin/sh;
			shellScript = "diff \"${PODS_PODFILE_DIR_PATH}/Podfile.lock\" \"${PODS_ROOT}/Manifest.lock\" > /dev/null\nif [ $? != 0 ] ; then\n    # print error to STDERR\n    echo \"error: The sandbox is not in sync with the Podfile.lock. Run 'pod install' or update your CocoaPods installation.\" >&2\n    exit 1\nfi\n# This output is used by Xcode 'outputs' to avoid re-running this script phase.\necho \"SUCCESS\" > \"${SCRIPT_OUTPUT_FILE_0}\"\n";
			showEnvVarsInLog = 0;
		};
		9B2985E80743D93A6E50CE9F /* [CP] Check Pods Manifest.lock */ = {
			isa = PBXShellScriptBuildPhase;
			buildActionMask = 2147483647;
			files = (
			);
			inputPaths = (
				"${PODS_PODFILE_DIR_PATH}/Podfile.lock",
				"${PODS_ROOT}/Manifest.lock",
			);
			name = "[CP] Check Pods Manifest.lock";
			outputPaths = (
				"$(DERIVED_FILE_DIR)/Pods-WordCounter-checkManifestLockResult.txt",
			);
			runOnlyForDeploymentPostprocessing = 0;
			shellPath = /bin/sh;
			shellScript = "diff \"${PODS_PODFILE_DIR_PATH}/Podfile.lock\" \"${PODS_ROOT}/Manifest.lock\" > /dev/null\nif [ $? != 0 ] ; then\n    # print error to STDERR\n    echo \"error: The sandbox is not in sync with the Podfile.lock. Run 'pod install' or update your CocoaPods installation.\" >&2\n    exit 1\nfi\n# This output is used by Xcode 'outputs' to avoid re-running this script phase.\necho \"SUCCESS\" > \"${SCRIPT_OUTPUT_FILE_0}\"\n";
			showEnvVarsInLog = 0;
		};
		9B3D8290728E255ECCD50308 /* [CP] Check Pods Manifest.lock */ = {
			isa = PBXShellScriptBuildPhase;
			buildActionMask = 2147483647;
			files = (
			);
			inputPaths = (
				"${PODS_PODFILE_DIR_PATH}/Podfile.lock",
				"${PODS_ROOT}/Manifest.lock",
			);
			name = "[CP] Check Pods Manifest.lock";
			outputPaths = (
				"$(DERIVED_FILE_DIR)/Pods-WordCounterTodayWidget-checkManifestLockResult.txt",
			);
			runOnlyForDeploymentPostprocessing = 0;
			shellPath = /bin/sh;
			shellScript = "diff \"${PODS_PODFILE_DIR_PATH}/Podfile.lock\" \"${PODS_ROOT}/Manifest.lock\" > /dev/null\nif [ $? != 0 ] ; then\n    # print error to STDERR\n    echo \"error: The sandbox is not in sync with the Podfile.lock. Run 'pod install' or update your CocoaPods installation.\" >&2\n    exit 1\nfi\n# This output is used by Xcode 'outputs' to avoid re-running this script phase.\necho \"SUCCESS\" > \"${SCRIPT_OUTPUT_FILE_0}\"\n";
			showEnvVarsInLog = 0;
		};
		CFA68B84D77C2BAE3D053778 /* [CP] Check Pods Manifest.lock */ = {
			isa = PBXShellScriptBuildPhase;
			buildActionMask = 2147483647;
			files = (
			);
			inputPaths = (
				"${PODS_PODFILE_DIR_PATH}/Podfile.lock",
				"${PODS_ROOT}/Manifest.lock",
			);
			name = "[CP] Check Pods Manifest.lock";
			outputPaths = (
				"$(DERIVED_FILE_DIR)/Pods-WordCounterTests-checkManifestLockResult.txt",
			);
			runOnlyForDeploymentPostprocessing = 0;
			shellPath = /bin/sh;
			shellScript = "diff \"${PODS_PODFILE_DIR_PATH}/Podfile.lock\" \"${PODS_ROOT}/Manifest.lock\" > /dev/null\nif [ $? != 0 ] ; then\n    # print error to STDERR\n    echo \"error: The sandbox is not in sync with the Podfile.lock. Run 'pod install' or update your CocoaPods installation.\" >&2\n    exit 1\nfi\n# This output is used by Xcode 'outputs' to avoid re-running this script phase.\necho \"SUCCESS\" > \"${SCRIPT_OUTPUT_FILE_0}\"\n";
			showEnvVarsInLog = 0;
		};
/* End PBXShellScriptBuildPhase section */

/* Begin PBXSourcesBuildPhase section */
		300BAB5E1B49097100FE8B37 /* Sources */ = {
			isa = PBXSourcesBuildPhase;
			buildActionMask = 2147483647;
			files = (
				08735C082508920600723147 /* CustomInputAccessoryWithToolbarView.swift in Sources */,
				300BAB6D1B49097100FE8B37 /* ViewController.swift in Sources */,
				309B41C31B7AE85B001C9E80 /* BasicConfig.swift in Sources */,
				300BAB6B1B49097100FE8B37 /* WordCounter.xcdatamodeld in Sources */,
				30B7ACA71B746F6100517036 /* WordCounterClass.swift in Sources */,
				300BAB681B49097100FE8B37 /* AppDelegate.swift in Sources */,
				309080611B4A0A7700C0AE5A /* InfoTabelViewController.swift in Sources */,
			);
			runOnlyForDeploymentPostprocessing = 0;
		};
		300BAB761B49097100FE8B37 /* Sources */ = {
			isa = PBXSourcesBuildPhase;
			buildActionMask = 2147483647;
			files = (
				300BAB811B49097100FE8B37 /* WordCounterTests.swift in Sources */,
			);
			runOnlyForDeploymentPostprocessing = 0;
		};
		30B7AC8F1B74698E00517036 /* Sources */ = {
			isa = PBXSourcesBuildPhase;
			buildActionMask = 2147483647;
			files = (
				30B7AC9B1B74698F00517036 /* TodayViewController.swift in Sources */,
				309B41C41B7AE85B001C9E80 /* BasicConfig.swift in Sources */,
				30B7ACA81B746F6100517036 /* WordCounterClass.swift in Sources */,
			);
			runOnlyForDeploymentPostprocessing = 0;
		};
		ED3235881C20633C0007EF1A /* Sources */ = {
			isa = PBXSourcesBuildPhase;
			buildActionMask = 2147483647;
			files = (
				ED2A74CF1C2140AA00CD28A3 /* BasicConfig.swift in Sources */,
				ED2A74CE1C2140A000CD28A3 /* WordCounterClass.swift in Sources */,
				ED32358F1C20633C0007EF1A /* ActionViewController.swift in Sources */,
				EDF21D621C296FB400B6C20C /* ProgressHUD.swift in Sources */,
			);
			runOnlyForDeploymentPostprocessing = 0;
		};
/* End PBXSourcesBuildPhase section */

/* Begin PBXTargetDependency section */
		300BAB7C1B49097100FE8B37 /* PBXTargetDependency */ = {
			isa = PBXTargetDependency;
			target = 300BAB611B49097100FE8B37 /* WordCounter */;
			targetProxy = 300BAB7B1B49097100FE8B37 /* PBXContainerItemProxy */;
		};
		306CF55B1B7588EC0085FC3B /* PBXTargetDependency */ = {
			isa = PBXTargetDependency;
			target = 30B7AC921B74698E00517036 /* WordCounterTodayWidget */;
			targetProxy = 306CF55A1B7588EC0085FC3B /* PBXContainerItemProxy */;
		};
		ED3235951C20633C0007EF1A /* PBXTargetDependency */ = {
			isa = PBXTargetDependency;
			target = ED32358B1C20633C0007EF1A /* CounterActionExtension */;
			targetProxy = ED3235941C20633C0007EF1A /* PBXContainerItemProxy */;
		};
/* End PBXTargetDependency section */

/* Begin PBXVariantGroup section */
		300BAB6E1B49097100FE8B37 /* Main.storyboard */ = {
			isa = PBXVariantGroup;
			children = (
				300BAB6F1B49097100FE8B37 /* Base */,
			);
			name = Main.storyboard;
			sourceTree = "<group>";
		};
		3021E37B1B54DCD900AEF136 /* Localizable.strings */ = {
			isa = PBXVariantGroup;
			children = (
				3021E37A1B54DCD900AEF136 /* en */,
				3021E37C1B54DCDE00AEF136 /* zh-Hant */,
				3021E3841B54E2D100AEF136 /* zh-Hans */,
			);
			name = Localizable.strings;
			sourceTree = "<group>";
		};
		3021E3811B54DDA500AEF136 /* InfoPlist.strings */ = {
			isa = PBXVariantGroup;
			children = (
				3021E3801B54DDA500AEF136 /* en */,
				3021E3821B54DDA700AEF136 /* zh-Hant */,
				3021E3851B54E2D100AEF136 /* zh-Hans */,
			);
			name = InfoPlist.strings;
			sourceTree = "<group>";
		};
		309496641B748F8E00360A77 /* MainInterface.storyboard */ = {
			isa = PBXVariantGroup;
			children = (
				309496631B748F8E00360A77 /* Base */,
			);
			name = MainInterface.storyboard;
			sourceTree = "<group>";
		};
		30B7ACE11B748B8700517036 /* InfoPlist.strings */ = {
			isa = PBXVariantGroup;
			children = (
				30B7ACE01B748B8700517036 /* zh-Hant */,
				30B7ACE31B748BBA00517036 /* en */,
				30B7ACE41B748BBB00517036 /* zh-Hans */,
			);
			name = InfoPlist.strings;
			sourceTree = "<group>";
		};
		ED3235901C20633C0007EF1A /* MainInterface.storyboard */ = {
			isa = PBXVariantGroup;
			children = (
				ED3235911C20633C0007EF1A /* Base */,
			);
			name = MainInterface.storyboard;
			sourceTree = "<group>";
		};
		ED3E40FE1C2133F3009CF68E /* InfoPlist.strings */ = {
			isa = PBXVariantGroup;
			children = (
				ED3E40FD1C2133F3009CF68E /* en */,
				ED3E40FF1C2133F4009CF68E /* zh-Hant */,
				ED3E41001C2133F6009CF68E /* zh-Hans */,
			);
			name = InfoPlist.strings;
			sourceTree = "<group>";
		};
/* End PBXVariantGroup section */

/* Begin XCBuildConfiguration section */
		300BAB821B49097100FE8B37 /* Debug */ = {
			isa = XCBuildConfiguration;
			buildSettings = {
				ALWAYS_SEARCH_USER_PATHS = NO;
				CLANG_ANALYZER_LOCALIZABILITY_NONLOCALIZED = YES;
				CLANG_CXX_LANGUAGE_STANDARD = "gnu++0x";
				CLANG_CXX_LIBRARY = "libc++";
				CLANG_ENABLE_MODULES = YES;
				CLANG_ENABLE_OBJC_ARC = YES;
				CLANG_WARN_BLOCK_CAPTURE_AUTORELEASING = YES;
				CLANG_WARN_BOOL_CONVERSION = YES;
				CLANG_WARN_COMMA = YES;
				CLANG_WARN_CONSTANT_CONVERSION = YES;
				CLANG_WARN_DEPRECATED_OBJC_IMPLEMENTATIONS = YES;
				CLANG_WARN_DIRECT_OBJC_ISA_USAGE = YES_ERROR;
				CLANG_WARN_EMPTY_BODY = YES;
				CLANG_WARN_ENUM_CONVERSION = YES;
				CLANG_WARN_INFINITE_RECURSION = YES;
				CLANG_WARN_INT_CONVERSION = YES;
				CLANG_WARN_NON_LITERAL_NULL_CONVERSION = YES;
				CLANG_WARN_OBJC_IMPLICIT_RETAIN_SELF = YES;
				CLANG_WARN_OBJC_LITERAL_CONVERSION = YES;
				CLANG_WARN_OBJC_ROOT_CLASS = YES_ERROR;
				CLANG_WARN_RANGE_LOOP_ANALYSIS = YES;
				CLANG_WARN_STRICT_PROTOTYPES = YES;
				CLANG_WARN_SUSPICIOUS_MOVE = YES;
				CLANG_WARN_UNREACHABLE_CODE = YES;
				CLANG_WARN__DUPLICATE_METHOD_MATCH = YES;
				"CODE_SIGN_IDENTITY[sdk=iphoneos*]" = "iPhone Developer";
				COPY_PHASE_STRIP = NO;
				DEBUG_INFORMATION_FORMAT = "dwarf-with-dsym";
				ENABLE_STRICT_OBJC_MSGSEND = YES;
				ENABLE_TESTABILITY = YES;
				GCC_C_LANGUAGE_STANDARD = gnu99;
				GCC_DYNAMIC_NO_PIC = NO;
				GCC_NO_COMMON_BLOCKS = YES;
				GCC_OPTIMIZATION_LEVEL = 0;
				GCC_PREPROCESSOR_DEFINITIONS = (
					"DEBUG=1",
					"$(inherited)",
				);
				GCC_SYMBOLS_PRIVATE_EXTERN = NO;
				GCC_WARN_64_TO_32_BIT_CONVERSION = YES;
				GCC_WARN_ABOUT_RETURN_TYPE = YES_ERROR;
				GCC_WARN_UNDECLARED_SELECTOR = YES;
				GCC_WARN_UNINITIALIZED_AUTOS = YES_AGGRESSIVE;
				GCC_WARN_UNUSED_FUNCTION = YES;
				GCC_WARN_UNUSED_VARIABLE = YES;
				IPHONEOS_DEPLOYMENT_TARGET = 9.0;
				MTL_ENABLE_DEBUG_INFO = YES;
				ONLY_ACTIVE_ARCH = YES;
				SDKROOT = iphoneos;
				SWIFT_OPTIMIZATION_LEVEL = "-Onone";
				TARGETED_DEVICE_FAMILY = "1,2";
			};
			name = Debug;
		};
		300BAB831B49097100FE8B37 /* Release */ = {
			isa = XCBuildConfiguration;
			buildSettings = {
				ALWAYS_SEARCH_USER_PATHS = NO;
				CLANG_ANALYZER_LOCALIZABILITY_NONLOCALIZED = YES;
				CLANG_CXX_LANGUAGE_STANDARD = "gnu++0x";
				CLANG_CXX_LIBRARY = "libc++";
				CLANG_ENABLE_MODULES = YES;
				CLANG_ENABLE_OBJC_ARC = YES;
				CLANG_WARN_BLOCK_CAPTURE_AUTORELEASING = YES;
				CLANG_WARN_BOOL_CONVERSION = YES;
				CLANG_WARN_COMMA = YES;
				CLANG_WARN_CONSTANT_CONVERSION = YES;
				CLANG_WARN_DEPRECATED_OBJC_IMPLEMENTATIONS = YES;
				CLANG_WARN_DIRECT_OBJC_ISA_USAGE = YES_ERROR;
				CLANG_WARN_EMPTY_BODY = YES;
				CLANG_WARN_ENUM_CONVERSION = YES;
				CLANG_WARN_INFINITE_RECURSION = YES;
				CLANG_WARN_INT_CONVERSION = YES;
				CLANG_WARN_NON_LITERAL_NULL_CONVERSION = YES;
				CLANG_WARN_OBJC_IMPLICIT_RETAIN_SELF = YES;
				CLANG_WARN_OBJC_LITERAL_CONVERSION = YES;
				CLANG_WARN_OBJC_ROOT_CLASS = YES_ERROR;
				CLANG_WARN_RANGE_LOOP_ANALYSIS = YES;
				CLANG_WARN_STRICT_PROTOTYPES = YES;
				CLANG_WARN_SUSPICIOUS_MOVE = YES;
				CLANG_WARN_UNREACHABLE_CODE = YES;
				CLANG_WARN__DUPLICATE_METHOD_MATCH = YES;
				"CODE_SIGN_IDENTITY[sdk=iphoneos*]" = "iPhone Developer";
				COPY_PHASE_STRIP = NO;
				DEBUG_INFORMATION_FORMAT = "dwarf-with-dsym";
				ENABLE_NS_ASSERTIONS = NO;
				ENABLE_STRICT_OBJC_MSGSEND = YES;
				GCC_C_LANGUAGE_STANDARD = gnu99;
				GCC_NO_COMMON_BLOCKS = YES;
				GCC_WARN_64_TO_32_BIT_CONVERSION = YES;
				GCC_WARN_ABOUT_RETURN_TYPE = YES_ERROR;
				GCC_WARN_UNDECLARED_SELECTOR = YES;
				GCC_WARN_UNINITIALIZED_AUTOS = YES_AGGRESSIVE;
				GCC_WARN_UNUSED_FUNCTION = YES;
				GCC_WARN_UNUSED_VARIABLE = YES;
				IPHONEOS_DEPLOYMENT_TARGET = 9.0;
				MTL_ENABLE_DEBUG_INFO = NO;
				SDKROOT = iphoneos;
				SWIFT_OPTIMIZATION_LEVEL = "-Owholemodule";
				TARGETED_DEVICE_FAMILY = "1,2";
				VALIDATE_PRODUCT = YES;
			};
			name = Release;
		};
		300BAB851B49097100FE8B37 /* Debug */ = {
			isa = XCBuildConfiguration;
			baseConfigurationReference = 800D114D54413546096DA844 /* Pods-WordCounter.debug.xcconfig */;
			buildSettings = {
				ALWAYS_EMBED_SWIFT_STANDARD_LIBRARIES = YES;
				ASSETCATALOG_COMPILER_APPICON_NAME = AppIcon;
				CODE_SIGN_ENTITLEMENTS = WordCounter/WordCounter.entitlements;
				CODE_SIGN_IDENTITY = "iPhone Developer";
				"CODE_SIGN_IDENTITY[sdk=iphoneos*]" = "iPhone Developer";
				CURRENT_PROJECT_VERSION = 2132;
				DEVELOPMENT_TEAM = 77T9PEZRU7;
				INFOPLIST_FILE = WordCounter/Info.plist;
				IPHONEOS_DEPLOYMENT_TARGET = 9.0;
				LD_RUNPATH_SEARCH_PATHS = "$(inherited) @executable_path/Frameworks";
				MARKETING_VERSION = 1.4.1;
				OTHER_SWIFT_FLAGS = "$(inherited) \"-D\" \"COCOAPODS\" \"-DDEBUG\"";
				PRODUCT_BUNDLE_IDENTIFIER = "com.arefly.$(PRODUCT_NAME:rfc1034identifier)";
				PRODUCT_NAME = "$(TARGET_NAME)";
				PROVISIONING_PROFILE = "";
				SWIFT_OBJC_BRIDGING_HEADER = "WordCounter/WordCounter-BridgingHeader.h";
				SWIFT_SWIFT3_OBJC_INFERENCE = Default;
				SWIFT_VERSION = 5.0;
			};
			name = Debug;
		};
		300BAB861B49097100FE8B37 /* Release */ = {
			isa = XCBuildConfiguration;
			baseConfigurationReference = 04816380468CE296F98C0BCC /* Pods-WordCounter.release.xcconfig */;
			buildSettings = {
				ALWAYS_EMBED_SWIFT_STANDARD_LIBRARIES = YES;
				ASSETCATALOG_COMPILER_APPICON_NAME = AppIcon;
				CODE_SIGN_ENTITLEMENTS = WordCounter/WordCounter.entitlements;
				CODE_SIGN_IDENTITY = "iPhone Developer";
				"CODE_SIGN_IDENTITY[sdk=iphoneos*]" = "iPhone Developer";
				CURRENT_PROJECT_VERSION = 2132;
				DEVELOPMENT_TEAM = 77T9PEZRU7;
				INFOPLIST_FILE = WordCounter/Info.plist;
				IPHONEOS_DEPLOYMENT_TARGET = 9.0;
				LD_RUNPATH_SEARCH_PATHS = "$(inherited) @executable_path/Frameworks";
				MARKETING_VERSION = 1.4.1;
				PRODUCT_BUNDLE_IDENTIFIER = "com.arefly.$(PRODUCT_NAME:rfc1034identifier)";
				PRODUCT_NAME = "$(TARGET_NAME)";
				PROVISIONING_PROFILE = "";
				SWIFT_OBJC_BRIDGING_HEADER = "WordCounter/WordCounter-BridgingHeader.h";
				SWIFT_SWIFT3_OBJC_INFERENCE = Default;
				SWIFT_VERSION = 5.0;
			};
			name = Release;
		};
		300BAB881B49097100FE8B37 /* Debug */ = {
			isa = XCBuildConfiguration;
			baseConfigurationReference = 2D5CEAA6F98CE78F7CC3E689 /* Pods-WordCounterTests.debug.xcconfig */;
			buildSettings = {
				BUNDLE_LOADER = "$(TEST_HOST)";
				FRAMEWORK_SEARCH_PATHS = "";
				GCC_PREPROCESSOR_DEFINITIONS = (
					"DEBUG=1",
					"$(inherited)",
				);
				INFOPLIST_FILE = WordCounterTests/Info.plist;
				LD_RUNPATH_SEARCH_PATHS = "$(inherited) @executable_path/Frameworks @loader_path/Frameworks";
				PRODUCT_BUNDLE_IDENTIFIER = "com.arefly.$(PRODUCT_NAME:rfc1034identifier)";
				PRODUCT_NAME = "$(TARGET_NAME)";
				SWIFT_SWIFT3_OBJC_INFERENCE = On;
				SWIFT_VERSION = 4.0;
				TEST_HOST = "$(BUILT_PRODUCTS_DIR)/WordCounter.app/WordCounter";
			};
			name = Debug;
		};
		300BAB891B49097100FE8B37 /* Release */ = {
			isa = XCBuildConfiguration;
			baseConfigurationReference = 8FC539292C5EDF66C4C3B818 /* Pods-WordCounterTests.release.xcconfig */;
			buildSettings = {
				BUNDLE_LOADER = "$(TEST_HOST)";
				FRAMEWORK_SEARCH_PATHS = "";
				INFOPLIST_FILE = WordCounterTests/Info.plist;
				LD_RUNPATH_SEARCH_PATHS = "$(inherited) @executable_path/Frameworks @loader_path/Frameworks";
				PRODUCT_BUNDLE_IDENTIFIER = "com.arefly.$(PRODUCT_NAME:rfc1034identifier)";
				PRODUCT_NAME = "$(TARGET_NAME)";
				SWIFT_SWIFT3_OBJC_INFERENCE = On;
				SWIFT_VERSION = 4.0;
				TEST_HOST = "$(BUILT_PRODUCTS_DIR)/WordCounter.app/WordCounter";
			};
			name = Release;
		};
		30B7ACA11B74698F00517036 /* Debug */ = {
			isa = XCBuildConfiguration;
			baseConfigurationReference = 3FDBD7DC26279DA05346E23E /* Pods-WordCounterTodayWidget.debug.xcconfig */;
			buildSettings = {
				CODE_SIGN_ENTITLEMENTS = WordCounterTodayWidget/WordCounterTodayWidget.entitlements;
				CODE_SIGN_IDENTITY = "iPhone Developer";
				"CODE_SIGN_IDENTITY[sdk=iphoneos*]" = "iPhone Developer";
				CURRENT_PROJECT_VERSION = 2132;
				DEVELOPMENT_TEAM = 77T9PEZRU7;
				GCC_PREPROCESSOR_DEFINITIONS = (
					"DEBUG=1",
					"$(inherited)",
				);
				INFOPLIST_FILE = WordCounterTodayWidget/Info.plist;
				IPHONEOS_DEPLOYMENT_TARGET = 9.0;
				LD_RUNPATH_SEARCH_PATHS = "$(inherited) @executable_path/Frameworks @executable_path/../../Frameworks";
				MARKETING_VERSION = 1.4.1;
				PRODUCT_BUNDLE_IDENTIFIER = "com.arefly.WordCounter.$(PRODUCT_NAME:rfc1034identifier)";
				PRODUCT_NAME = "$(TARGET_NAME)";
				PROVISIONING_PROFILE = "";
				SKIP_INSTALL = YES;
				SWIFT_SWIFT3_OBJC_INFERENCE = Default;
				SWIFT_VERSION = 5.0;
			};
			name = Debug;
		};
		30B7ACA21B74698F00517036 /* Release */ = {
			isa = XCBuildConfiguration;
			baseConfigurationReference = 32081C78114F9E7B54DECE25 /* Pods-WordCounterTodayWidget.release.xcconfig */;
			buildSettings = {
				CODE_SIGN_ENTITLEMENTS = WordCounterTodayWidget/WordCounterTodayWidget.entitlements;
				CODE_SIGN_IDENTITY = "iPhone Developer";
				"CODE_SIGN_IDENTITY[sdk=iphoneos*]" = "iPhone Developer";
				CURRENT_PROJECT_VERSION = 2132;
				DEVELOPMENT_TEAM = 77T9PEZRU7;
				INFOPLIST_FILE = WordCounterTodayWidget/Info.plist;
				IPHONEOS_DEPLOYMENT_TARGET = 9.0;
				LD_RUNPATH_SEARCH_PATHS = "$(inherited) @executable_path/Frameworks @executable_path/../../Frameworks";
				MARKETING_VERSION = 1.4.1;
				PRODUCT_BUNDLE_IDENTIFIER = "com.arefly.WordCounter.$(PRODUCT_NAME:rfc1034identifier)";
				PRODUCT_NAME = "$(TARGET_NAME)";
				PROVISIONING_PROFILE = "";
				SKIP_INSTALL = YES;
				SWIFT_SWIFT3_OBJC_INFERENCE = Default;
				SWIFT_VERSION = 5.0;
			};
			name = Release;
		};
		ED3235971C20633C0007EF1A /* Debug */ = {
			isa = XCBuildConfiguration;
			baseConfigurationReference = E7BE99A82937876CC390C8A2 /* Pods-CounterActionExtension.debug.xcconfig */;
			buildSettings = {
				ASSETCATALOG_COMPILER_APPICON_NAME = ActionIcon;
				CODE_SIGN_IDENTITY = "iPhone Developer";
				"CODE_SIGN_IDENTITY[sdk=iphoneos*]" = "iPhone Developer";
				CURRENT_PROJECT_VERSION = 2132;
				DEBUG_INFORMATION_FORMAT = dwarf;
				DEVELOPMENT_TEAM = 77T9PEZRU7;
				INFOPLIST_FILE = CounterActionExtension/Info.plist;
				IPHONEOS_DEPLOYMENT_TARGET = 9.0;
				LD_RUNPATH_SEARCH_PATHS = "$(inherited) @executable_path/Frameworks @executable_path/../../Frameworks";
				MARKETING_VERSION = 1.4.1;
				PRODUCT_BUNDLE_IDENTIFIER = com.arefly.WordCounter.CounterActionExtension;
				PRODUCT_NAME = "$(TARGET_NAME)";
				SKIP_INSTALL = YES;
				SWIFT_SWIFT3_OBJC_INFERENCE = Default;
				SWIFT_VERSION = 5.0;
			};
			name = Debug;
		};
		ED3235981C20633C0007EF1A /* Release */ = {
			isa = XCBuildConfiguration;
			baseConfigurationReference = B229EA5EE4307060384E5AE3 /* Pods-CounterActionExtension.release.xcconfig */;
			buildSettings = {
				ASSETCATALOG_COMPILER_APPICON_NAME = ActionIcon;
				CODE_SIGN_IDENTITY = "iPhone Developer";
				"CODE_SIGN_IDENTITY[sdk=iphoneos*]" = "iPhone Developer";
				CURRENT_PROJECT_VERSION = 2132;
				DEVELOPMENT_TEAM = 77T9PEZRU7;
				INFOPLIST_FILE = CounterActionExtension/Info.plist;
				IPHONEOS_DEPLOYMENT_TARGET = 9.0;
				LD_RUNPATH_SEARCH_PATHS = "$(inherited) @executable_path/Frameworks @executable_path/../../Frameworks";
				MARKETING_VERSION = 1.4.1;
				PRODUCT_BUNDLE_IDENTIFIER = com.arefly.WordCounter.CounterActionExtension;
				PRODUCT_NAME = "$(TARGET_NAME)";
				SKIP_INSTALL = YES;
				SWIFT_SWIFT3_OBJC_INFERENCE = Default;
				SWIFT_VERSION = 5.0;
			};
			name = Release;
		};
/* End XCBuildConfiguration section */

/* Begin XCConfigurationList section */
		300BAB5D1B49097100FE8B37 /* Build configuration list for PBXProject "WordCounter" */ = {
			isa = XCConfigurationList;
			buildConfigurations = (
				300BAB821B49097100FE8B37 /* Debug */,
				300BAB831B49097100FE8B37 /* Release */,
			);
			defaultConfigurationIsVisible = 0;
			defaultConfigurationName = Release;
		};
		300BAB841B49097100FE8B37 /* Build configuration list for PBXNativeTarget "WordCounter" */ = {
			isa = XCConfigurationList;
			buildConfigurations = (
				300BAB851B49097100FE8B37 /* Debug */,
				300BAB861B49097100FE8B37 /* Release */,
			);
			defaultConfigurationIsVisible = 0;
			defaultConfigurationName = Release;
		};
		300BAB871B49097100FE8B37 /* Build configuration list for PBXNativeTarget "WordCounterTests" */ = {
			isa = XCConfigurationList;
			buildConfigurations = (
				300BAB881B49097100FE8B37 /* Debug */,
				300BAB891B49097100FE8B37 /* Release */,
			);
			defaultConfigurationIsVisible = 0;
			defaultConfigurationName = Release;
		};
		30B7ACA31B74698F00517036 /* Build configuration list for PBXNativeTarget "WordCounterTodayWidget" */ = {
			isa = XCConfigurationList;
			buildConfigurations = (
				30B7ACA11B74698F00517036 /* Debug */,
				30B7ACA21B74698F00517036 /* Release */,
			);
			defaultConfigurationIsVisible = 0;
			defaultConfigurationName = Release;
		};
		ED3235991C20633C0007EF1A /* Build configuration list for PBXNativeTarget "CounterActionExtension" */ = {
			isa = XCConfigurationList;
			buildConfigurations = (
				ED3235971C20633C0007EF1A /* Debug */,
				ED3235981C20633C0007EF1A /* Release */,
			);
			defaultConfigurationIsVisible = 0;
			defaultConfigurationName = Release;
		};
/* End XCConfigurationList section */

/* Begin XCVersionGroup section */
		300BAB691B49097100FE8B37 /* WordCounter.xcdatamodeld */ = {
			isa = XCVersionGroup;
			children = (
				300BAB6A1B49097100FE8B37 /* WordCounter.xcdatamodel */,
			);
			currentVersion = 300BAB6A1B49097100FE8B37 /* WordCounter.xcdatamodel */;
			path = WordCounter.xcdatamodeld;
			sourceTree = "<group>";
			versionGroupType = wrapper.xcdatamodel;
		};
/* End XCVersionGroup section */
	};
	rootObject = 300BAB5A1B49097100FE8B37 /* Project object */;
}
